
Microsoft Visual Studio Solution File, Format Version 12.00
# Visual Studio Version 17
VisualStudioVersion = 17.11.35327.3
MinimumVisualStudioVersion = 10.0.40219.1
Project("{9A19103F-16F7-4668-BE54-9A1E7A4F7556}") = "lababa3", "lababa3.csproj", "{DCEB02A9-B122-4BF1-B975-C1088F12F2E3}"
EndProject
Global
	GlobalSection(SolutionConfigurationPlatforms) = preSolution
		Debug|Any CPU = Debug|Any CPU
		Release|Any CPU = Release|Any CPU
	EndGlobalSection
	GlobalSection(ProjectConfigurationPlatforms) = postSolution
		{DCEB02A9-B122-4BF1-B975-C1088F12F2E3}.Debug|Any CPU.ActiveCfg = Debug|Any CPU
		{DCEB02A9-B122-4BF1-B975-C1088F12F2E3}.Debug|Any CPU.Build.0 = Debug|Any CPU
		{DCEB02A9-B122-4BF1-B975-C1088F12F2E3}.Release|Any CPU.ActiveCfg = Release|Any CPU
		{DCEB02A9-B122-4BF1-B975-C1088F12F2E3}.Release|Any CPU.Build.0 = Release|Any CPU
	EndGlobalSection
	GlobalSection(SolutionProperties) = preSolution
		HideSolutionNode = FALSE
	EndGlobalSection
	GlobalSection(ExtensibilityGlobals) = postSolution
		SolutionGuid = {33A05A14-0CE9-4FE4-9CB1-EE5130C33521}
	EndGlobalSection
EndGlobal
